// !$*UTF8*$!
{
	archiveVersion = 1;
	classes = {
	};
	objectVersion = 46;
	objects = {

/* Begin PBXBuildFile section */
		901E13701F51581A003B181F /* ZRAssetExportSession.m in Sources */ = {isa = PBXBuildFile; fileRef = 901E136F1F51581A003B181F /* ZRAssetExportSession.m */; };
		901E13791F516FE0003B181F /* ZRTakeVideoViewController.m in Sources */ = {isa = PBXBuildFile; fileRef = 901E13781F516FE0003B181F /* ZRTakeVideoViewController.m */; };
		902CFD461F55131600CE098B /* Icon.png in Resources */ = {isa = PBXBuildFile; fileRef = 902CFD441F55131600CE098B /* Icon.png */; };
		902CFD471F55131600CE098B /* Icon@2x.png in Resources */ = {isa = PBXBuildFile; fileRef = 902CFD451F55131600CE098B /* Icon@2x.png */; };
		902CFD4A1F55219600CE098B /* ZRWaterPrintComposition.m in Sources */ = {isa = PBXBuildFile; fileRef = 902CFD491F55219600CE098B /* ZRWaterPrintComposition.m */; };
		90559B1F1F4FCE67000DCBB8 /* ZRMediaCaptureController.m in Sources */ = {isa = PBXBuildFile; fileRef = 90559B181F4FCE67000DCBB8 /* ZRMediaCaptureController.m */; };
		90559B201F4FCE67000DCBB8 /* ZRMediaCaptureView.m in Sources */ = {isa = PBXBuildFile; fileRef = 90559B1A1F4FCE67000DCBB8 /* ZRMediaCaptureView.m */; };
		90559B211F4FCE67000DCBB8 /* ZRVideoCaptureViewController.m in Sources */ = {isa = PBXBuildFile; fileRef = 90559B1C1F4FCE67000DCBB8 /* ZRVideoCaptureViewController.m */; };
		90559B221F4FCE67000DCBB8 /* ZRVideoPlayerController.m in Sources */ = {isa = PBXBuildFile; fileRef = 90559B1E1F4FCE67000DCBB8 /* ZRVideoPlayerController.m */; };
		90559B261F500874000DCBB8 /* PreviewerVideoViewController.m in Sources */ = {isa = PBXBuildFile; fileRef = 90559B241F500874000DCBB8 /* PreviewerVideoViewController.m */; };
		90559B271F500874000DCBB8 /* PreviewerVideoViewController.xib in Resources */ = {isa = PBXBuildFile; fileRef = 90559B251F500874000DCBB8 /* PreviewerVideoViewController.xib */; };
		9059C1381F4147B90077FCB5 /* main.m in Sources */ = {isa = PBXBuildFile; fileRef = 9059C1371F4147B90077FCB5 /* main.m */; };
		9059C13B1F4147B90077FCB5 /* AppDelegate.m in Sources */ = {isa = PBXBuildFile; fileRef = 9059C13A1F4147B90077FCB5 /* AppDelegate.m */; };
		9059C13E1F4147B90077FCB5 /* ViewController.m in Sources */ = {isa = PBXBuildFile; fileRef = 9059C13D1F4147B90077FCB5 /* ViewController.m */; };
		9059C1411F4147B90077FCB5 /* Main.storyboard in Resources */ = {isa = PBXBuildFile; fileRef = 9059C13F1F4147B90077FCB5 /* Main.storyboard */; };
		9059C1431F4147B90077FCB5 /* Assets.xcassets in Resources */ = {isa = PBXBuildFile; fileRef = 9059C1421F4147B90077FCB5 /* Assets.xcassets */; };
		9059C1461F4147B90077FCB5 /* LaunchScreen.storyboard in Resources */ = {isa = PBXBuildFile; fileRef = 9059C1441F4147B90077FCB5 /* LaunchScreen.storyboard */; };
		90CFDE421F53CAB8000CAA80 /* ZRCircleProgress.m in Sources */ = {isa = PBXBuildFile; fileRef = 90CFDE411F53CAB8000CAA80 /* ZRCircleProgress.m */; };
/* End PBXBuildFile section */

/* Begin PBXFileReference section */
		901E136E1F51581A003B181F /* ZRAssetExportSession.h */ = {isa = PBXFileReference; fileEncoding = 4; lastKnownFileType = sourcecode.c.h; path = ZRAssetExportSession.h; sourceTree = "<group>"; };
		901E136F1F51581A003B181F /* ZRAssetExportSession.m */ = {isa = PBXFileReference; fileEncoding = 4; lastKnownFileType = sourcecode.c.objc; path = ZRAssetExportSession.m; sourceTree = "<group>"; };
		901E13771F516FE0003B181F /* ZRTakeVideoViewController.h */ = {isa = PBXFileReference; fileEncoding = 4; lastKnownFileType = sourcecode.c.h; path = ZRTakeVideoViewController.h; sourceTree = "<group>"; };
		901E13781F516FE0003B181F /* ZRTakeVideoViewController.m */ = {isa = PBXFileReference; fileEncoding = 4; lastKnownFileType = sourcecode.c.objc; path = ZRTakeVideoViewController.m; sourceTree = "<group>"; };
		902CFD441F55131600CE098B /* Icon.png */ = {isa = PBXFileReference; lastKnownFileType = image.png; path = Icon.png; sourceTree = "<group>"; };
		902CFD451F55131600CE098B /* Icon@2x.png */ = {isa = PBXFileReference; lastKnownFileType = image.png; path = "Icon@2x.png"; sourceTree = "<group>"; };
		902CFD481F55219500CE098B /* ZRWaterPrintComposition.h */ = {isa = PBXFileReference; fileEncoding = 4; lastKnownFileType = sourcecode.c.h; path = ZRWaterPrintComposition.h; sourceTree = "<group>"; };
		902CFD491F55219600CE098B /* ZRWaterPrintComposition.m */ = {isa = PBXFileReference; fileEncoding = 4; lastKnownFileType = sourcecode.c.objc; path = ZRWaterPrintComposition.m; sourceTree = "<group>"; };
		90559B171F4FCE67000DCBB8 /* ZRMediaCaptureController.h */ = {isa = PBXFileReference; fileEncoding = 4; lastKnownFileType = sourcecode.c.h; path = ZRMediaCaptureController.h; sourceTree = "<group>"; };
		90559B181F4FCE67000DCBB8 /* ZRMediaCaptureController.m */ = {isa = PBXFileReference; fileEncoding = 4; lastKnownFileType = sourcecode.c.objc; path = ZRMediaCaptureController.m; sourceTree = "<group>"; };
		90559B191F4FCE67000DCBB8 /* ZRMediaCaptureView.h */ = {isa = PBXFileReference; fileEncoding = 4; lastKnownFileType = sourcecode.c.h; path = ZRMediaCaptureView.h; sourceTree = "<group>"; };
		90559B1A1F4FCE67000DCBB8 /* ZRMediaCaptureView.m */ = {isa = PBXFileReference; fileEncoding = 4; lastKnownFileType = sourcecode.c.objc; path = ZRMediaCaptureView.m; sourceTree = "<group>"; };
		90559B1B1F4FCE67000DCBB8 /* ZRVideoCaptureViewController.h */ = {isa = PBXFileReference; fileEncoding = 4; lastKnownFileType = sourcecode.c.h; path = ZRVideoCaptureViewController.h; sourceTree = "<group>"; };
		90559B1C1F4FCE67000DCBB8 /* ZRVideoCaptureViewController.m */ = {isa = PBXFileReference; fileEncoding = 4; lastKnownFileType = sourcecode.c.objc; path = ZRVideoCaptureViewController.m; sourceTree = "<group>"; };
		90559B1D1F4FCE67000DCBB8 /* ZRVideoPlayerController.h */ = {isa = PBXFileReference; fileEncoding = 4; lastKnownFileType = sourcecode.c.h; path = ZRVideoPlayerController.h; sourceTree = "<group>"; };
		90559B1E1F4FCE67000DCBB8 /* ZRVideoPlayerController.m */ = {isa = PBXFileReference; fileEncoding = 4; lastKnownFileType = sourcecode.c.objc; path = ZRVideoPlayerController.m; sourceTree = "<group>"; };
		90559B231F500874000DCBB8 /* PreviewerVideoViewController.h */ = {isa = PBXFileReference; fileEncoding = 4; lastKnownFileType = sourcecode.c.h; path = PreviewerVideoViewController.h; sourceTree = "<group>"; };
		90559B241F500874000DCBB8 /* PreviewerVideoViewController.m */ = {isa = PBXFileReference; fileEncoding = 4; lastKnownFileType = sourcecode.c.objc; path = PreviewerVideoViewController.m; sourceTree = "<group>"; };
		90559B251F500874000DCBB8 /* PreviewerVideoViewController.xib */ = {isa = PBXFileReference; fileEncoding = 4; lastKnownFileType = file.xib; path = PreviewerVideoViewController.xib; sourceTree = "<group>"; };
		9059C1331F4147B90077FCB5 /* TakeVideos.app */ = {isa = PBXFileReference; explicitFileType = wrapper.application; includeInIndex = 0; path = TakeVideos.app; sourceTree = BUILT_PRODUCTS_DIR; };
		9059C1371F4147B90077FCB5 /* main.m */ = {isa = PBXFileReference; lastKnownFileType = sourcecode.c.objc; path = main.m; sourceTree = "<group>"; };
		9059C1391F4147B90077FCB5 /* AppDelegate.h */ = {isa = PBXFileReference; lastKnownFileType = sourcecode.c.h; path = AppDelegate.h; sourceTree = "<group>"; };
		9059C13A1F4147B90077FCB5 /* AppDelegate.m */ = {isa = PBXFileReference; lastKnownFileType = sourcecode.c.objc; path = AppDelegate.m; sourceTree = "<group>"; };
		9059C13C1F4147B90077FCB5 /* ViewController.h */ = {isa = PBXFileReference; lastKnownFileType = sourcecode.c.h; path = ViewController.h; sourceTree = "<group>"; };
		9059C13D1F4147B90077FCB5 /* ViewController.m */ = {isa = PBXFileReference; lastKnownFileType = sourcecode.c.objc; path = ViewController.m; sourceTree = "<group>"; };
		9059C1401F4147B90077FCB5 /* Base */ = {isa = PBXFileReference; lastKnownFileType = file.storyboard; name = Base; path = Base.lproj/Main.storyboard; sourceTree = "<group>"; };
		9059C1421F4147B90077FCB5 /* Assets.xcassets */ = {isa = PBXFileReference; lastKnownFileType = folder.assetcatalog; path = Assets.xcassets; sourceTree = "<group>"; };
		9059C1451F4147B90077FCB5 /* Base */ = {isa = PBXFileReference; lastKnownFileType = file.storyboard; name = Base; path = Base.lproj/LaunchScreen.storyboard; sourceTree = "<group>"; };
		9059C1471F4147B90077FCB5 /* Info.plist */ = {isa = PBXFileReference; lastKnownFileType = text.plist.xml; path = Info.plist; sourceTree = "<group>"; };
		90CFDE401F53CAB8000CAA80 /* ZRCircleProgress.h */ = {isa = PBXFileReference; fileEncoding = 4; lastKnownFileType = sourcecode.c.h; path = ZRCircleProgress.h; sourceTree = "<group>"; };
		90CFDE411F53CAB8000CAA80 /* ZRCircleProgress.m */ = {isa = PBXFileReference; fileEncoding = 4; lastKnownFileType = sourcecode.c.objc; path = ZRCircleProgress.m; sourceTree = "<group>"; };
/* End PBXFileReference section */

/* Begin PBXFrameworksBuildPhase section */
		9059C1301F4147B90077FCB5 /* Frameworks */ = {
			isa = PBXFrameworksBuildPhase;
			buildActionMask = 2147483647;
			files = (
			);
			runOnlyForDeploymentPostprocessing = 0;
		};
/* End PBXFrameworksBuildPhase section */

/* Begin PBXGroup section */
		90559B161F4FCE67000DCBB8 /* src */ = {
			isa = PBXGroup;
			children = (
				90CFDE401F53CAB8000CAA80 /* ZRCircleProgress.h */,
				90CFDE411F53CAB8000CAA80 /* ZRCircleProgress.m */,
				901E136E1F51581A003B181F /* ZRAssetExportSession.h */,
				901E136F1F51581A003B181F /* ZRAssetExportSession.m */,
				90559B171F4FCE67000DCBB8 /* ZRMediaCaptureController.h */,
				90559B181F4FCE67000DCBB8 /* ZRMediaCaptureController.m */,
				90559B191F4FCE67000DCBB8 /* ZRMediaCaptureView.h */,
				90559B1A1F4FCE67000DCBB8 /* ZRMediaCaptureView.m */,
				90559B1B1F4FCE67000DCBB8 /* ZRVideoCaptureViewController.h */,
				90559B1C1F4FCE67000DCBB8 /* ZRVideoCaptureViewController.m */,
				901E13771F516FE0003B181F /* ZRTakeVideoViewController.h */,
				901E13781F516FE0003B181F /* ZRTakeVideoViewController.m */,
				90559B1D1F4FCE67000DCBB8 /* ZRVideoPlayerController.h */,
				90559B1E1F4FCE67000DCBB8 /* ZRVideoPlayerController.m */,
				902CFD481F55219500CE098B /* ZRWaterPrintComposition.h */,
				902CFD491F55219600CE098B /* ZRWaterPrintComposition.m */,
			);
			path = src;
			sourceTree = "<group>";
		};
		9059C12A1F4147B90077FCB5 = {
			isa = PBXGroup;
			children = (
				9059C1351F4147B90077FCB5 /* TakeVideos */,
				9059C1341F4147B90077FCB5 /* Products */,
			);
			sourceTree = "<group>";
		};
		9059C1341F4147B90077FCB5 /* Products */ = {
			isa = PBXGroup;
			children = (
				9059C1331F4147B90077FCB5 /* TakeVideos.app */,
			);
			name = Products;
			sourceTree = "<group>";
		};
		9059C1351F4147B90077FCB5 /* TakeVideos */ = {
			isa = PBXGroup;
			children = (
				90559B161F4FCE67000DCBB8 /* src */,
				9059C1391F4147B90077FCB5 /* AppDelegate.h */,
				9059C13A1F4147B90077FCB5 /* AppDelegate.m */,
				9059C13C1F4147B90077FCB5 /* ViewController.h */,
				9059C13D1F4147B90077FCB5 /* ViewController.m */,
				90559B231F500874000DCBB8 /* PreviewerVideoViewController.h */,
				90559B241F500874000DCBB8 /* PreviewerVideoViewController.m */,
				90559B251F500874000DCBB8 /* PreviewerVideoViewController.xib */,
				9059C13F1F4147B90077FCB5 /* Main.storyboard */,
				9059C1421F4147B90077FCB5 /* Assets.xcassets */,
				9059C1441F4147B90077FCB5 /* LaunchScreen.storyboard */,
				9059C1471F4147B90077FCB5 /* Info.plist */,
				9059C1361F4147B90077FCB5 /* Supporting Files */,
			);
			path = TakeVideos;
			sourceTree = "<group>";
		};
		9059C1361F4147B90077FCB5 /* Supporting Files */ = {
			isa = PBXGroup;
			children = (
				902CFD441F55131600CE098B /* Icon.png */,
				902CFD451F55131600CE098B /* Icon@2x.png */,
				9059C1371F4147B90077FCB5 /* main.m */,
			);
			name = "Supporting Files";
			sourceTree = "<group>";
		};
/* End PBXGroup section */

/* Begin PBXNativeTarget section */
		9059C1321F4147B90077FCB5 /* TakeVideos */ = {
			isa = PBXNativeTarget;
			buildConfigurationList = 9059C14A1F4147B90077FCB5 /* Build configuration list for PBXNativeTarget "TakeVideos" */;
			buildPhases = (
				9059C12F1F4147B90077FCB5 /* Sources */,
				9059C1301F4147B90077FCB5 /* Frameworks */,
				9059C1311F4147B90077FCB5 /* Resources */,
			);
			buildRules = (
			);
			dependencies = (
			);
			name = TakeVideos;
			productName = TakeVideos;
			productReference = 9059C1331F4147B90077FCB5 /* TakeVideos.app */;
			productType = "com.apple.product-type.application";
		};
/* End PBXNativeTarget section */

/* Begin PBXProject section */
		9059C12B1F4147B90077FCB5 /* Project object */ = {
			isa = PBXProject;
			attributes = {
				LastUpgradeCheck = 0830;
				ORGANIZATIONNAME = "Victor Studio.";
				TargetAttributes = {
					9059C1321F4147B90077FCB5 = {
						CreatedOnToolsVersion = 8.3.3;
						DevelopmentTeam = B873AZ7BS6;
						ProvisioningStyle = Automatic;
					};
				};
			};
			buildConfigurationList = 9059C12E1F4147B90077FCB5 /* Build configuration list for PBXProject "TakeVideos" */;
			compatibilityVersion = "Xcode 3.2";
			developmentRegion = English;
			hasScannedForEncodings = 0;
			knownRegions = (
				en,
				Base,
			);
			mainGroup = 9059C12A1F4147B90077FCB5;
			productRefGroup = 9059C1341F4147B90077FCB5 /* Products */;
			projectDirPath = "";
			projectRoot = "";
			targets = (
				9059C1321F4147B90077FCB5 /* TakeVideos */,
			);
		};
/* End PBXProject section */

/* Begin PBXResourcesBuildPhase section */
		9059C1311F4147B90077FCB5 /* Resources */ = {
			isa = PBXResourcesBuildPhase;
			buildActionMask = 2147483647;
			files = (
				90559B271F500874000DCBB8 /* PreviewerVideoViewController.xib in Resources */,
				902CFD471F55131600CE098B /* Icon@2x.png in Resources */,
				9059C1461F4147B90077FCB5 /* LaunchScreen.storyboard in Resources */,
				902CFD461F55131600CE098B /* Icon.png in Resources */,
				9059C1431F4147B90077FCB5 /* Assets.xcassets in Resources */,
				9059C1411F4147B90077FCB5 /* Main.storyboard in Resources */,
			);
			runOnlyForDeploymentPostprocessing = 0;
		};
/* End PBXResourcesBuildPhase section */

/* Begin PBXSourcesBuildPhase section */
		9059C12F1F4147B90077FCB5 /* Sources */ = {
			isa = PBXSourcesBuildPhase;
			buildActionMask = 2147483647;
			files = (
				902CFD4A1F55219600CE098B /* ZRWaterPrintComposition.m in Sources */,
				90559B261F500874000DCBB8 /* PreviewerVideoViewController.m in Sources */,
				901E13791F516FE0003B181F /* ZRTakeVideoViewController.m in Sources */,
				90559B1F1F4FCE67000DCBB8 /* ZRMediaCaptureController.m in Sources */,
				9059C13E1F4147B90077FCB5 /* ViewController.m in Sources */,
				90559B211F4FCE67000DCBB8 /* ZRVideoCaptureViewController.m in Sources */,
				90559B221F4FCE67000DCBB8 /* ZRVideoPlayerController.m in Sources */,
				90CFDE421F53CAB8000CAA80 /* ZRCircleProgress.m in Sources */,
				9059C13B1F4147B90077FCB5 /* AppDelegate.m in Sources */,
				90559B201F4FCE67000DCBB8 /* ZRMediaCaptureView.m in Sources */,
				901E13701F51581A003B181F /* ZRAssetExportSession.m in Sources */,
				9059C1381F4147B90077FCB5 /* main.m in Sources */,
			);
			runOnlyForDeploymentPostprocessing = 0;
		};
/* End PBXSourcesBuildPhase section */

/* Begin PBXVariantGroup section */
		9059C13F1F4147B90077FCB5 /* Main.storyboard */ = {
			isa = PBXVariantGroup;
			children = (
				9059C1401F4147B90077FCB5 /* Base */,
			);
			name = Main.storyboard;
			sourceTree = "<group>";
		};
		9059C1441F4147B90077FCB5 /* LaunchScreen.storyboard */ = {
			isa = PBXVariantGroup;
			children = (
				9059C1451F4147B90077FCB5 /* Base */,
			);
			name = LaunchScreen.storyboard;
			sourceTree = "<group>";
		};
/* End PBXVariantGroup section */

/* Begin XCBuildConfiguration section */
		9059C1481F4147B90077FCB5 /* Debug */ = {
			isa = XCBuildConfiguration;
			buildSettings = {
				ALWAYS_SEARCH_USER_PATHS = NO;
				CLANG_ANALYZER_NONNULL = YES;
				CLANG_ANALYZER_NUMBER_OBJECT_CONVERSION = YES_AGGRESSIVE;
				CLANG_CXX_LANGUAGE_STANDARD = "gnu++0x";
				CLANG_CXX_LIBRARY = "libc++";
				CLANG_ENABLE_MODULES = YES;
				CLANG_ENABLE_OBJC_ARC = YES;
				CLANG_WARN_BOOL_CONVERSION = YES;
				CLANG_WARN_CONSTANT_CONVERSION = YES;
				CLANG_WARN_DIRECT_OBJC_ISA_USAGE = YES_ERROR;
				CLANG_WARN_DOCUMENTATION_COMMENTS = YES;
				CLANG_WARN_EMPTY_BODY = YES;
				CLANG_WARN_ENUM_CONVERSION = YES;
				CLANG_WARN_INFINITE_RECURSION = YES;
				CLANG_WARN_INT_CONVERSION = YES;
				CLANG_WARN_OBJC_ROOT_CLASS = YES_ERROR;
				CLANG_WARN_SUSPICIOUS_MOVE = YES;
				CLANG_WARN_UNREACHABLE_CODE = YES;
				CLANG_WARN__DUPLICATE_METHOD_MATCH = YES;
				"CODE_SIGN_IDENTITY[sdk=iphoneos*]" = "iPhone Developer";
				COPY_PHASE_STRIP = NO;
				DEBUG_INFORMATION_FORMAT = dwarf;
				ENABLE_STRICT_OBJC_MSGSEND = YES;
				ENABLE_TESTABILITY = YES;
				GCC_C_LANGUAGE_STANDARD = gnu99;
				GCC_DYNAMIC_NO_PIC = NO;
				GCC_NO_COMMON_BLOCKS = YES;
				GCC_OPTIMIZATION_LEVEL = 0;
				GCC_PREPROCESSOR_DEFINITIONS = (
					"DEBUG=1",
					"$(inherited)",
				);
				GCC_WARN_64_TO_32_BIT_CONVERSION = YES;
				GCC_WARN_ABOUT_RETURN_TYPE = YES_ERROR;
				GCC_WARN_UNDECLARED_SELECTOR = YES;
				GCC_WARN_UNINITIALIZED_AUTOS = YES_AGGRESSIVE;
				GCC_WARN_UNUSED_FUNCTION = YES;
				GCC_WARN_UNUSED_VARIABLE = YES;
				IPHONEOS_DEPLOYMENT_TARGET = 10.3;
				MTL_ENABLE_DEBUG_INFO = YES;
				ONLY_ACTIVE_ARCH = YES;
				SDKROOT = iphoneos;
			};
			name = Debug;
		};
		9059C1491F4147B90077FCB5 /* Release */ = {
			isa = XCBuildConfiguration;
			buildSettings = {
				ALWAYS_SEARCH_USER_PATHS = NO;
				CLANG_ANALYZER_NONNULL = YES;
				CLANG_ANALYZER_NUMBER_OBJECT_CONVERSION = YES_AGGRESSIVE;
				CLANG_CXX_LANGUAGE_STANDARD = "gnu++0x";
				CLANG_CXX_LIBRARY = "libc++";
				CLANG_ENABLE_MODULES = YES;
				CLANG_ENABLE_OBJC_ARC = YES;
				CLANG_WARN_BOOL_CONVERSION = YES;
				CLANG_WARN_CONSTANT_CONVERSION = YES;
				CLANG_WARN_DIRECT_OBJC_ISA_USAGE = YES_ERROR;
				CLANG_WARN_DOCUMENTATION_COMMENTS = YES;
				CLANG_WARN_EMPTY_BODY = YES;
				CLANG_WARN_ENUM_CONVERSION = YES;
				CLANG_WARN_INFINITE_RECURSION = YES;
				CLANG_WARN_INT_CONVERSION = YES;
				CLANG_WARN_OBJC_ROOT_CLASS = YES_ERROR;
				CLANG_WARN_SUSPICIOUS_MOVE = YES;
				CLANG_WARN_UNREACHABLE_CODE = YES;
				CLANG_WARN__DUPLICATE_METHOD_MATCH = YES;
				"CODE_SIGN_IDENTITY[sdk=iphoneos*]" = "iPhone Developer";
				COPY_PHASE_STRIP = NO;
				DEBUG_INFORMATION_FORMAT = "dwarf-with-dsym";
				ENABLE_NS_ASSERTIONS = NO;
				ENABLE_STRICT_OBJC_MSGSEND = YES;
				GCC_C_LANGUAGE_STANDARD = gnu99;
				GCC_NO_COMMON_BLOCKS = YES;
				GCC_WARN_64_TO_32_BIT_CONVERSION = YES;
				GCC_WARN_ABOUT_RETURN_TYPE = YES_ERROR;
				GCC_WARN_UNDECLARED_SELECTOR = YES;
				GCC_WARN_UNINITIALIZED_AUTOS = YES_AGGRESSIVE;
				GCC_WARN_UNUSED_FUNCTION = YES;
				GCC_WARN_UNUSED_VARIABLE = YES;
				IPHONEOS_DEPLOYMENT_TARGET = 10.3;
				MTL_ENABLE_DEBUG_INFO = NO;
				SDKROOT = iphoneos;
				VALIDATE_PRODUCT = YES;
			};
			name = Release;
		};
		9059C14B1F4147B90077FCB5 /* Debug */ = {
			isa = XCBuildConfiguration;
			buildSettings = {
				ASSETCATALOG_COMPILER_APPICON_NAME = AppIcon;
				DEVELOPMENT_TEAM = B873AZ7BS6;
				INFOPLIST_FILE = TakeVideos/Info.plist;
				IPHONEOS_DEPLOYMENT_TARGET = 7.0;
				LD_RUNPATH_SEARCH_PATHS = "$(inherited) @executable_path/Frameworks";
				PRODUCT_BUNDLE_IDENTIFIER = com.victor.TakeVideos;
				PRODUCT_NAME = "$(TARGET_NAME)";
			};
			name = Debug;
		};
		9059C14C1F4147B90077FCB5 /* Release */ = {
			isa = XCBuildConfiguration;
			buildSettings = {
				ASSETCATALOG_COMPILER_APPICON_NAME = AppIcon;
				DEVELOPMENT_TEAM = B873AZ7BS6;
				INFOPLIST_FILE = TakeVideos/Info.plist;
				IPHONEOS_DEPLOYMENT_TARGET = 7.0;
				LD_RUNPATH_SEARCH_PATHS = "$(inherited) @executable_path/Frameworks";
				PRODUCT_BUNDLE_IDENTIFIER = com.victor.TakeVideos;
				PRODUCT_NAME = "$(TARGET_NAME)";
			};
			name = Release;
		};
/* End XCBuildConfiguration section */

/* Begin XCConfigurationList section */
		9059C12E1F4147B90077FCB5 /* Build configuration list for PBXProject "TakeVideos" */ = {
			isa = XCConfigurationList;
			buildConfigurations = (
				9059C1481F4147B90077FCB5 /* Debug */,
				9059C1491F4147B90077FCB5 /* Release */,
			);
			defaultConfigurationIsVisible = 0;
			defaultConfigurationName = Release;
		};
		9059C14A1F4147B90077FCB5 /* Build configuration list for PBXNativeTarget "TakeVideos" */ = {
			isa = XCConfigurationList;
			buildConfigurations = (
				9059C14B1F4147B90077FCB5 /* Debug */,
				9059C14C1F4147B90077FCB5 /* Release */,
			);
			defaultConfigurationIsVisible = 0;
			defaultConfigurationName = Release;
		};
/* End XCConfigurationList section */
	};
	rootObject = 9059C12B1F4147B90077FCB5 /* Project object */;
}
